
Microsoft Visual Studio Solution File, Format Version 12.00
# Visual Studio Version 16
VisualStudioVersion = 16.0.31605.320
MinimumVisualStudioVersion = 10.0.40219.1
Project("{9A19103F-16F7-4668-BE54-9A1E7A4F7556}") = "DapperFluentQueryHelper", "Core\DapperFluentQueryHelper.csproj", "{18EB550F-D24B-4415-8CB9-AE50FB738170}"
EndProject
Project("{9A19103F-16F7-4668-BE54-9A1E7A4F7556}") = "Example", "Example\Example.csproj", "{7E9C2C35-D524-4F09-9E2F-9DD7B24E0F9D}"
EndProject
Project("{9A19103F-16F7-4668-BE54-9A1E7A4F7556}") = "MySQLConnection", "..\MySQLConnection\MySQLConnection.csproj", "{066EC640-76D4-4145-B7A4-F62C46FFBA01}"
EndProject
Global
	GlobalSection(SolutionConfigurationPlatforms) = preSolution
		Debug|Any CPU = Debug|Any CPU
		Release|Any CPU = Release|Any CPU
	EndGlobalSection
	GlobalSection(ProjectConfigurationPlatforms) = postSolution
		{18EB550F-D24B-4415-8CB9-AE50FB738170}.Debug|Any CPU.ActiveCfg = Debug|Any CPU
		{18EB550F-D24B-4415-8CB9-AE50FB738170}.Debug|Any CPU.Build.0 = Debug|Any CPU
		{18EB550F-D24B-4415-8CB9-AE50FB738170}.Release|Any CPU.ActiveCfg = Release|Any CPU
		{18EB550F-D24B-4415-8CB9-AE50FB738170}.Release|Any CPU.Build.0 = Release|Any CPU
		{7E9C2C35-D524-4F09-9E2F-9DD7B24E0F9D}.Debug|Any CPU.ActiveCfg = Debug|Any CPU
		{7E9C2C35-D524-4F09-9E2F-9DD7B24E0F9D}.Debug|Any CPU.Build.0 = Debug|Any CPU
		{7E9C2C35-D524-4F09-9E2F-9DD7B24E0F9D}.Release|Any CPU.ActiveCfg = Release|Any CPU
		{7E9C2C35-D524-4F09-9E2F-9DD7B24E0F9D}.Release|Any CPU.Build.0 = Release|Any CPU
		{066EC640-76D4-4145-B7A4-F62C46FFBA01}.Debug|Any CPU.ActiveCfg = Debug|Any CPU
		{066EC640-76D4-4145-B7A4-F62C46FFBA01}.Debug|Any CPU.Build.0 = Debug|Any CPU
		{066EC640-76D4-4145-B7A4-F62C46FFBA01}.Release|Any CPU.ActiveCfg = Release|Any CPU
		{066EC640-76D4-4145-B7A4-F62C46FFBA01}.Release|Any CPU.Build.0 = Release|Any CPU
	EndGlobalSection
	GlobalSection(SolutionProperties) = preSolution
		HideSolutionNode = FALSE
	EndGlobalSection
	GlobalSection(ExtensibilityGlobals) = postSolution
		SolutionGuid = {B12ED4F2-0110-4092-8161-1A9C29574A09}
	EndGlobalSection
EndGlobal
